
Microsoft Visual Studio Solution File, Format Version 12.00
# Visual Studio Version 16
VisualStudioVersion = 16.0.30907.101
MinimumVisualStudioVersion = 10.0.40219.1
Project("{9A19103F-16F7-4668-BE54-9A1E7A4F7556}") = "Lab 2.3a", "Lab 2.2b\Lab 2.3a.csproj", "{9375E38D-B3B4-4792-8386-8299A49E0AC4}"
EndProject
Project("{9A19103F-16F7-4668-BE54-9A1E7A4F7556}") = "UnitTestProject2", "UnitTestProject2\UnitTestProject2.csproj", "{AB6FFDA9-0DDB-41AF-9893-CAF1D966BCDD}"
EndProject
Global
	GlobalSection(SolutionConfigurationPlatforms) = preSolution
		Debug|Any CPU = Debug|Any CPU
		Release|Any CPU = Release|Any CPU
	EndGlobalSection
	GlobalSection(ProjectConfigurationPlatforms) = postSolution
		{9375E38D-B3B4-4792-8386-8299A49E0AC4}.Debug|Any CPU.ActiveCfg = Debug|Any CPU
		{9375E38D-B3B4-4792-8386-8299A49E0AC4}.Debug|Any CPU.Build.0 = Debug|Any CPU
		{9375E38D-B3B4-4792-8386-8299A49E0AC4}.Release|Any CPU.ActiveCfg = Release|Any CPU
		{9375E38D-B3B4-4792-8386-8299A49E0AC4}.Release|Any CPU.Build.0 = Release|Any CPU
		{AB6FFDA9-0DDB-41AF-9893-CAF1D966BCDD}.Debug|Any CPU.ActiveCfg = Debug|Any CPU
		{AB6FFDA9-0DDB-41AF-9893-CAF1D966BCDD}.Debug|Any CPU.Build.0 = Debug|Any CPU
		{AB6FFDA9-0DDB-41AF-9893-CAF1D966BCDD}.Release|Any CPU.ActiveCfg = Release|Any CPU
		{AB6FFDA9-0DDB-41AF-9893-CAF1D966BCDD}.Release|Any CPU.Build.0 = Release|Any CPU
	EndGlobalSection
	GlobalSection(SolutionProperties) = preSolution
		HideSolutionNode = FALSE
	EndGlobalSection
	GlobalSection(ExtensibilityGlobals) = postSolution
		SolutionGuid = {8F95936B-FDB3-4773-A1C3-3A885ADE9748}
	EndGlobalSection
EndGlobal
