
Microsoft Visual Studio Solution File, Format Version 12.00
# Visual Studio Version 16
VisualStudioVersion = 16.0.30907.101
MinimumVisualStudioVersion = 10.0.40219.1
Project("{FAE04EC0-301F-11D3-BF4B-00C04F79EFBC}") = "Lab 3.3random", "Lab 3.3random\Lab 3.3random.csproj", "{253E2BA8-6F52-4CD4-9B9E-A1DAC261466C}"
EndProject
Global
	GlobalSection(SolutionConfigurationPlatforms) = preSolution
		Debug|Any CPU = Debug|Any CPU
		Release|Any CPU = Release|Any CPU
	EndGlobalSection
	GlobalSection(ProjectConfigurationPlatforms) = postSolution
		{253E2BA8-6F52-4CD4-9B9E-A1DAC261466C}.Debug|Any CPU.ActiveCfg = Debug|Any CPU
		{253E2BA8-6F52-4CD4-9B9E-A1DAC261466C}.Debug|Any CPU.Build.0 = Debug|Any CPU
		{253E2BA8-6F52-4CD4-9B9E-A1DAC261466C}.Release|Any CPU.ActiveCfg = Release|Any CPU
		{253E2BA8-6F52-4CD4-9B9E-A1DAC261466C}.Release|Any CPU.Build.0 = Release|Any CPU
	EndGlobalSection
	GlobalSection(SolutionProperties) = preSolution
		HideSolutionNode = FALSE
	EndGlobalSection
	GlobalSection(ExtensibilityGlobals) = postSolution
		SolutionGuid = {40D4DDF5-45CA-4D8C-8E72-B49368E21932}
	EndGlobalSection
EndGlobal
